// !$*UTF8*$!
{
	archiveVersion = 1;
	classes = {
	};
	objectVersion = 46;
	objects = {

/* Begin PBXAggregateTarget section */
		"DateToolsObjC::DateToolsObjCPackageTests::ProductTarget" /* DateToolsObjCPackageTests */ = {
			isa = PBXAggregateTarget;
			buildConfigurationList = OBJ_62 /* Build configuration list for PBXAggregateTarget "DateToolsObjCPackageTests" */;
			buildPhases = (
			);
			dependencies = (
				OBJ_65 /* PBXTargetDependency */,
			);
			name = DateToolsObjCPackageTests;
			productName = DateToolsObjCPackageTests;
		};
/* End PBXAggregateTarget section */

/* Begin PBXBuildFile section */
		FB4A802C250A1C1600BF0D78 /* DateTools.bundle in Resources */ = {isa = PBXBuildFile; fileRef = FB4A802A250A1C0400BF0D78 /* DateTools.bundle */; };
		FB4A802E250A1C2400BF0D78 /* DateTools.bundle in Resources */ = {isa = PBXBuildFile; fileRef = FB4A802A250A1C0400BF0D78 /* DateTools.bundle */; };
		FB4A8037250A571F00BF0D78 /* DTError.h in Headers */ = {isa = PBXBuildFile; fileRef = OBJ_17 /* DTError.h */; settings = {ATTRIBUTES = (Public, ); }; };
		FB4A8038250A572100BF0D78 /* DTConstants.h in Headers */ = {isa = PBXBuildFile; fileRef = OBJ_18 /* DTConstants.h */; settings = {ATTRIBUTES = (Public, ); }; };
		FB4A8039250A572400BF0D78 /* DTTimePeriodChain.h in Headers */ = {isa = PBXBuildFile; fileRef = OBJ_19 /* DTTimePeriodChain.h */; settings = {ATTRIBUTES = (Public, ); }; };
		FB4A803A250A572600BF0D78 /* DTTimePeriodCollection.h in Headers */ = {isa = PBXBuildFile; fileRef = OBJ_20 /* DTTimePeriodCollection.h */; settings = {ATTRIBUTES = (Public, ); }; };
		FB4A803B250A572B00BF0D78 /* DateTools.h in Headers */ = {isa = PBXBuildFile; fileRef = OBJ_21 /* DateTools.h */; settings = {ATTRIBUTES = (Public, ); }; };
		FB4A803C250A572D00BF0D78 /* DTTimePeriod.h in Headers */ = {isa = PBXBuildFile; fileRef = OBJ_22 /* DTTimePeriod.h */; settings = {ATTRIBUTES = (Public, ); }; };
		FB4A803D250A572F00BF0D78 /* DTTimePeriodGroup.h in Headers */ = {isa = PBXBuildFile; fileRef = OBJ_23 /* DTTimePeriodGroup.h */; settings = {ATTRIBUTES = (Public, ); }; };
		FB4A803E250A573100BF0D78 /* NSDate+DateTools.h in Headers */ = {isa = PBXBuildFile; fileRef = OBJ_24 /* NSDate+DateTools.h */; settings = {ATTRIBUTES = (Public, ); }; };
		OBJ_47 /* DTConstants.m in Sources */ = {isa = PBXBuildFile; fileRef = OBJ_9 /* DTConstants.m */; };
		OBJ_48 /* DTError.m in Sources */ = {isa = PBXBuildFile; fileRef = OBJ_10 /* DTError.m */; };
		OBJ_49 /* DTTimePeriod.m in Sources */ = {isa = PBXBuildFile; fileRef = OBJ_11 /* DTTimePeriod.m */; };
		OBJ_50 /* DTTimePeriodChain.m in Sources */ = {isa = PBXBuildFile; fileRef = OBJ_12 /* DTTimePeriodChain.m */; };
		OBJ_51 /* DTTimePeriodCollection.m in Sources */ = {isa = PBXBuildFile; fileRef = OBJ_13 /* DTTimePeriodCollection.m */; };
		OBJ_52 /* DTTimePeriodGroup.m in Sources */ = {isa = PBXBuildFile; fileRef = OBJ_14 /* DTTimePeriodGroup.m */; };
		OBJ_53 /* NSDate+DateTools.m in Sources */ = {isa = PBXBuildFile; fileRef = OBJ_15 /* NSDate+DateTools.m */; };
		OBJ_60 /* Package.swift in Sources */ = {isa = PBXBuildFile; fileRef = OBJ_6 /* Package.swift */; };
		OBJ_71 /* DTTimeAgoTests.m in Sources */ = {isa = PBXBuildFile; fileRef = OBJ_29 /* DTTimeAgoTests.m */; };
		OBJ_72 /* DTTimePeriodChainTests.m in Sources */ = {isa = PBXBuildFile; fileRef = OBJ_30 /* DTTimePeriodChainTests.m */; };
		OBJ_73 /* DTTimePeriodCollectionTests.m in Sources */ = {isa = PBXBuildFile; fileRef = OBJ_31 /* DTTimePeriodCollectionTests.m */; };
		OBJ_74 /* DTTimePeriodGroupTests.m in Sources */ = {isa = PBXBuildFile; fileRef = OBJ_32 /* DTTimePeriodGroupTests.m */; };
		OBJ_75 /* DTTimePeriodTests.m in Sources */ = {isa = PBXBuildFile; fileRef = OBJ_33 /* DTTimePeriodTests.m */; };
		OBJ_76 /* DateToolsObjCTests.m in Sources */ = {isa = PBXBuildFile; fileRef = OBJ_34 /* DateToolsObjCTests.m */; };
		OBJ_78 /* DateToolsObjC.framework in Frameworks */ = {isa = PBXBuildFile; fileRef = "DateToolsObjC::DateToolsObjC::Product" /* DateToolsObjC.framework */; };
/* End PBXBuildFile section */

/* Begin PBXContainerItemProxy section */
		FB4A8027250A1BC900BF0D78 /* PBXContainerItemProxy */ = {
			isa = PBXContainerItemProxy;
			containerPortal = OBJ_1 /* Project object */;
			proxyType = 1;
			remoteGlobalIDString = "DateToolsObjC::DateToolsObjC";
			remoteInfo = DateToolsObjC;
		};
		FB4A8028250A1BCA00BF0D78 /* PBXContainerItemProxy */ = {
			isa = PBXContainerItemProxy;
			containerPortal = OBJ_1 /* Project object */;
			proxyType = 1;
			remoteGlobalIDString = "DateToolsObjC::DateToolsObjCTests";
			remoteInfo = DateToolsObjCTests;
		};
/* End PBXContainerItemProxy section */

/* Begin PBXFileReference section */
		"DateToolsObjC::DateToolsObjC::Product" /* DateToolsObjC.framework */ = {isa = PBXFileReference; explicitFileType = wrapper.framework; path = DateToolsObjC.framework; sourceTree = BUILT_PRODUCTS_DIR; };
		"DateToolsObjC::DateToolsObjCTests::Product" /* DateToolsObjCTests.xctest */ = {isa = PBXFileReference; explicitFileType = wrapper.cfbundle; path = DateToolsObjCTests.xctest; sourceTree = BUILT_PRODUCTS_DIR; };
		FB4A802A250A1C0400BF0D78 /* DateTools.bundle */ = {isa = PBXFileReference; lastKnownFileType = "wrapper.plug-in"; path = DateTools.bundle; sourceTree = "<group>"; };
		FB4A8033250A533400BF0D78 /* module.modulemap */ = {isa = PBXFileReference; lastKnownFileType = "sourcecode.module-map"; path = module.modulemap; sourceTree = "<group>"; };
		OBJ_10 /* DTError.m */ = {isa = PBXFileReference; lastKnownFileType = sourcecode.c.objc; path = DTError.m; sourceTree = "<group>"; };
		OBJ_11 /* DTTimePeriod.m */ = {isa = PBXFileReference; lastKnownFileType = sourcecode.c.objc; path = DTTimePeriod.m; sourceTree = "<group>"; };
		OBJ_12 /* DTTimePeriodChain.m */ = {isa = PBXFileReference; lastKnownFileType = sourcecode.c.objc; path = DTTimePeriodChain.m; sourceTree = "<group>"; };
		OBJ_13 /* DTTimePeriodCollection.m */ = {isa = PBXFileReference; lastKnownFileType = sourcecode.c.objc; path = DTTimePeriodCollection.m; sourceTree = "<group>"; };
		OBJ_14 /* DTTimePeriodGroup.m */ = {isa = PBXFileReference; lastKnownFileType = sourcecode.c.objc; path = DTTimePeriodGroup.m; sourceTree = "<group>"; };
		OBJ_15 /* NSDate+DateTools.m */ = {isa = PBXFileReference; lastKnownFileType = sourcecode.c.objc; path = "NSDate+DateTools.m"; sourceTree = "<group>"; };
		OBJ_17 /* DTError.h */ = {isa = PBXFileReference; lastKnownFileType = sourcecode.c.h; path = DTError.h; sourceTree = "<group>"; };
		OBJ_18 /* DTConstants.h */ = {isa = PBXFileReference; lastKnownFileType = sourcecode.c.h; path = DTConstants.h; sourceTree = "<group>"; };
		OBJ_19 /* DTTimePeriodChain.h */ = {isa = PBXFileReference; lastKnownFileType = sourcecode.c.h; path = DTTimePeriodChain.h; sourceTree = "<group>"; };
		OBJ_20 /* DTTimePeriodCollection.h */ = {isa = PBXFileReference; lastKnownFileType = sourcecode.c.h; path = DTTimePeriodCollection.h; sourceTree = "<group>"; };
		OBJ_21 /* DateTools.h */ = {isa = PBXFileReference; lastKnownFileType = sourcecode.c.h; path = DateTools.h; sourceTree = "<group>"; };
		OBJ_22 /* DTTimePeriod.h */ = {isa = PBXFileReference; lastKnownFileType = sourcecode.c.h; path = DTTimePeriod.h; sourceTree = "<group>"; };
		OBJ_23 /* DTTimePeriodGroup.h */ = {isa = PBXFileReference; lastKnownFileType = sourcecode.c.h; path = DTTimePeriodGroup.h; sourceTree = "<group>"; };
		OBJ_24 /* NSDate+DateTools.h */ = {isa = PBXFileReference; lastKnownFileType = sourcecode.c.h; path = "NSDate+DateTools.h"; sourceTree = "<group>"; };
		OBJ_28 /* Info.plist */ = {isa = PBXFileReference; lastKnownFileType = text.plist.xml; path = Info.plist; sourceTree = "<group>"; };
		OBJ_29 /* DTTimeAgoTests.m */ = {isa = PBXFileReference; lastKnownFileType = sourcecode.c.objc; path = DTTimeAgoTests.m; sourceTree = "<group>"; };
		OBJ_30 /* DTTimePeriodChainTests.m */ = {isa = PBXFileReference; lastKnownFileType = sourcecode.c.objc; path = DTTimePeriodChainTests.m; sourceTree = "<group>"; };
		OBJ_31 /* DTTimePeriodCollectionTests.m */ = {isa = PBXFileReference; lastKnownFileType = sourcecode.c.objc; path = DTTimePeriodCollectionTests.m; sourceTree = "<group>"; };
		OBJ_32 /* DTTimePeriodGroupTests.m */ = {isa = PBXFileReference; lastKnownFileType = sourcecode.c.objc; path = DTTimePeriodGroupTests.m; sourceTree = "<group>"; };
		OBJ_33 /* DTTimePeriodTests.m */ = {isa = PBXFileReference; lastKnownFileType = sourcecode.c.objc; path = DTTimePeriodTests.m; sourceTree = "<group>"; };
		OBJ_34 /* DateToolsObjCTests.m */ = {isa = PBXFileReference; lastKnownFileType = sourcecode.c.objc; path = DateToolsObjCTests.m; sourceTree = "<group>"; };
		OBJ_38 /* Carthage */ = {isa = PBXFileReference; lastKnownFileType = folder; path = Carthage; sourceTree = SOURCE_ROOT; };
		OBJ_39 /* LICENCE.md */ = {isa = PBXFileReference; lastKnownFileType = net.daringfireball.markdown; path = LICENCE.md; sourceTree = "<group>"; };
		OBJ_40 /* CREDITS.md */ = {isa = PBXFileReference; lastKnownFileType = net.daringfireball.markdown; path = CREDITS.md; sourceTree = "<group>"; };
		OBJ_41 /* README.md */ = {isa = PBXFileReference; lastKnownFileType = net.daringfireball.markdown; path = README.md; sourceTree = "<group>"; };
		OBJ_6 /* Package.swift */ = {isa = PBXFileReference; explicitFileType = sourcecode.swift; path = Package.swift; sourceTree = "<group>"; };
		OBJ_9 /* DTConstants.m */ = {isa = PBXFileReference; lastKnownFileType = sourcecode.c.objc; path = DTConstants.m; sourceTree = "<group>"; };
/* End PBXFileReference section */

/* Begin PBXFrameworksBuildPhase section */
		OBJ_54 /* Frameworks */ = {
			isa = PBXFrameworksBuildPhase;
			buildActionMask = 0;
			files = (
			);
			runOnlyForDeploymentPostprocessing = 0;
		};
		OBJ_77 /* Frameworks */ = {
			isa = PBXFrameworksBuildPhase;
			buildActionMask = 0;
			files = (
				OBJ_78 /* DateToolsObjC.framework in Frameworks */,
			);
			runOnlyForDeploymentPostprocessing = 0;
		};
/* End PBXFrameworksBuildPhase section */

/* Begin PBXGroup section */
		FB4A8029250A1C0400BF0D78 /* Resources */ = {
			isa = PBXGroup;
			children = (
				FB4A802A250A1C0400BF0D78 /* DateTools.bundle */,
			);
			path = Resources;
			sourceTree = "<group>";
		};
		OBJ_16 /* include */ = {
			isa = PBXGroup;
			children = (
				FB4A8033250A533400BF0D78 /* module.modulemap */,
				OBJ_17 /* DTError.h */,
				OBJ_18 /* DTConstants.h */,
				OBJ_19 /* DTTimePeriodChain.h */,
				OBJ_20 /* DTTimePeriodCollection.h */,
				OBJ_21 /* DateTools.h */,
				OBJ_22 /* DTTimePeriod.h */,
				OBJ_23 /* DTTimePeriodGroup.h */,
				OBJ_24 /* NSDate+DateTools.h */,
			);
			path = include;
			sourceTree = "<group>";
		};
		OBJ_26 /* Tests */ = {
			isa = PBXGroup;
			children = (
				OBJ_27 /* DateToolsObjCTests */,
			);
			name = Tests;
			sourceTree = SOURCE_ROOT;
		};
		OBJ_27 /* DateToolsObjCTests */ = {
			isa = PBXGroup;
			children = (
				OBJ_28 /* Info.plist */,
				OBJ_29 /* DTTimeAgoTests.m */,
				OBJ_30 /* DTTimePeriodChainTests.m */,
				OBJ_31 /* DTTimePeriodCollectionTests.m */,
				OBJ_32 /* DTTimePeriodGroupTests.m */,
				OBJ_33 /* DTTimePeriodTests.m */,
				OBJ_34 /* DateToolsObjCTests.m */,
			);
			name = DateToolsObjCTests;
			path = Tests/DateToolsObjCTests;
			sourceTree = SOURCE_ROOT;
		};
		OBJ_35 /* Products */ = {
			isa = PBXGroup;
			children = (
				"DateToolsObjC::DateToolsObjCTests::Product" /* DateToolsObjCTests.xctest */,
				"DateToolsObjC::DateToolsObjC::Product" /* DateToolsObjC.framework */,
			);
			name = Products;
			sourceTree = BUILT_PRODUCTS_DIR;
		};
		OBJ_5 = {
			isa = PBXGroup;
			children = (
				OBJ_6 /* Package.swift */,
				OBJ_7 /* Sources */,
				OBJ_26 /* Tests */,
				OBJ_35 /* Products */,
				OBJ_38 /* Carthage */,
				OBJ_39 /* LICENCE.md */,
				OBJ_40 /* CREDITS.md */,
				OBJ_41 /* README.md */,
			);
			sourceTree = "<group>";
		};
		OBJ_7 /* Sources */ = {
			isa = PBXGroup;
			children = (
				OBJ_8 /* DateToolsObjC */,
			);
			name = Sources;
			sourceTree = SOURCE_ROOT;
		};
		OBJ_8 /* DateToolsObjC */ = {
			isa = PBXGroup;
			children = (
				FB4A8029250A1C0400BF0D78 /* Resources */,
				OBJ_9 /* DTConstants.m */,
				OBJ_10 /* DTError.m */,
				OBJ_11 /* DTTimePeriod.m */,
				OBJ_12 /* DTTimePeriodChain.m */,
				OBJ_13 /* DTTimePeriodCollection.m */,
				OBJ_14 /* DTTimePeriodGroup.m */,
				OBJ_15 /* NSDate+DateTools.m */,
				OBJ_16 /* include */,
			);
			name = DateToolsObjC;
			path = Sources/DateToolsObjC;
			sourceTree = SOURCE_ROOT;
		};
/* End PBXGroup section */

/* Begin PBXHeadersBuildPhase section */
		FB4A8036250A571600BF0D78 /* Headers */ = {
			isa = PBXHeadersBuildPhase;
			buildActionMask = 2147483647;
			files = (
				FB4A8037250A571F00BF0D78 /* DTError.h in Headers */,
				FB4A8038250A572100BF0D78 /* DTConstants.h in Headers */,
				FB4A803A250A572600BF0D78 /* DTTimePeriodCollection.h in Headers */,
				FB4A803B250A572B00BF0D78 /* DateTools.h in Headers */,
				FB4A803C250A572D00BF0D78 /* DTTimePeriod.h in Headers */,
				FB4A803D250A572F00BF0D78 /* DTTimePeriodGroup.h in Headers */,
				FB4A803E250A573100BF0D78 /* NSDate+DateTools.h in Headers */,
				FB4A8039250A572400BF0D78 /* DTTimePeriodChain.h in Headers */,
			);
			runOnlyForDeploymentPostprocessing = 0;
		};
/* End PBXHeadersBuildPhase section */

/* Begin PBXNativeTarget section */
		"DateToolsObjC::DateToolsObjC" /* DateToolsObjC */ = {
			isa = PBXNativeTarget;
			buildConfigurationList = OBJ_43 /* Build configuration list for PBXNativeTarget "DateToolsObjC" */;
			buildPhases = (
				FB4A8036250A571600BF0D78 /* Headers */,
				OBJ_46 /* Sources */,
				OBJ_54 /* Frameworks */,
				FB4A802B250A1C1000BF0D78 /* Resources */,
			);
			buildRules = (
			);
			dependencies = (
			);
			name = DateToolsObjC;
			productName = DateToolsObjC;
			productReference = "DateToolsObjC::DateToolsObjC::Product" /* DateToolsObjC.framework */;
			productType = "com.apple.product-type.framework";
		};
		"DateToolsObjC::DateToolsObjCTests" /* DateToolsObjCTests */ = {
			isa = PBXNativeTarget;
			buildConfigurationList = OBJ_67 /* Build configuration list for PBXNativeTarget "DateToolsObjCTests" */;
			buildPhases = (
				OBJ_70 /* Sources */,
				OBJ_77 /* Frameworks */,
				FB4A802D250A1C2000BF0D78 /* Resources */,
			);
			buildRules = (
			);
			dependencies = (
				OBJ_79 /* PBXTargetDependency */,
			);
			name = DateToolsObjCTests;
			productName = DateToolsObjCTests;
			productReference = "DateToolsObjC::DateToolsObjCTests::Product" /* DateToolsObjCTests.xctest */;
			productType = "com.apple.product-type.bundle.unit-test";
		};
		"DateToolsObjC::SwiftPMPackageDescription" /* DateToolsObjCPackageDescription */ = {
			isa = PBXNativeTarget;
			buildConfigurationList = OBJ_56 /* Build configuration list for PBXNativeTarget "DateToolsObjCPackageDescription" */;
			buildPhases = (
				OBJ_59 /* Sources */,
			);
			buildRules = (
			);
			dependencies = (
			);
			name = DateToolsObjCPackageDescription;
			productName = DateToolsObjCPackageDescription;
			productType = "com.apple.product-type.framework";
		};
/* End PBXNativeTarget section */

/* Begin PBXProject section */
		OBJ_1 /* Project object */ = {
			isa = PBXProject;
			attributes = {
				LastSwiftMigration = 9999;
				LastUpgradeCheck = 1200;
			};
			buildConfigurationList = OBJ_2 /* Build configuration list for PBXProject "DateToolsObjC" */;
			compatibilityVersion = "Xcode 3.2";
			developmentRegion = en;
			hasScannedForEncodings = 0;
			knownRegions = (
				en,
				Base,
			);
			mainGroup = OBJ_5;
			productRefGroup = OBJ_35 /* Products */;
			projectDirPath = "";
			projectRoot = "";
			targets = (
				"DateToolsObjC::DateToolsObjC" /* DateToolsObjC */,
				"DateToolsObjC::SwiftPMPackageDescription" /* DateToolsObjCPackageDescription */,
				"DateToolsObjC::DateToolsObjCPackageTests::ProductTarget" /* DateToolsObjCPackageTests */,
				"DateToolsObjC::DateToolsObjCTests" /* DateToolsObjCTests */,
			);
		};
/* End PBXProject section */

/* Begin PBXResourcesBuildPhase section */
		FB4A802B250A1C1000BF0D78 /* Resources */ = {
			isa = PBXResourcesBuildPhase;
			buildActionMask = 2147483647;
			files = (
				FB4A802C250A1C1600BF0D78 /* DateTools.bundle in Resources */,
			);
			runOnlyForDeploymentPostprocessing = 0;
		};
		FB4A802D250A1C2000BF0D78 /* Resources */ = {
			isa = PBXResourcesBuildPhase;
			buildActionMask = 2147483647;
			files = (
				FB4A802E250A1C2400BF0D78 /* DateTools.bundle in Resources */,
			);
			runOnlyForDeploymentPostprocessing = 0;
		};
/* End PBXResourcesBuildPhase section */

/* Begin PBXSourcesBuildPhase section */
		OBJ_46 /* Sources */ = {
			isa = PBXSourcesBuildPhase;
			buildActionMask = 0;
			files = (
				OBJ_47 /* DTConstants.m in Sources */,
				OBJ_48 /* DTError.m in Sources */,
				OBJ_49 /* DTTimePeriod.m in Sources */,
				OBJ_50 /* DTTimePeriodChain.m in Sources */,
				OBJ_51 /* DTTimePeriodCollection.m in Sources */,
				OBJ_52 /* DTTimePeriodGroup.m in Sources */,
				OBJ_53 /* NSDate+DateTools.m in Sources */,
			);
			runOnlyForDeploymentPostprocessing = 0;
		};
		OBJ_59 /* Sources */ = {
			isa = PBXSourcesBuildPhase;
			buildActionMask = 0;
			files = (
				OBJ_60 /* Package.swift in Sources */,
			);
			runOnlyForDeploymentPostprocessing = 0;
		};
		OBJ_70 /* Sources */ = {
			isa = PBXSourcesBuildPhase;
			buildActionMask = 0;
			files = (
				OBJ_71 /* DTTimeAgoTests.m in Sources */,
				OBJ_72 /* DTTimePeriodChainTests.m in Sources */,
				OBJ_73 /* DTTimePeriodCollectionTests.m in Sources */,
				OBJ_74 /* DTTimePeriodGroupTests.m in Sources */,
				OBJ_75 /* DTTimePeriodTests.m in Sources */,
				OBJ_76 /* DateToolsObjCTests.m in Sources */,
			);
			runOnlyForDeploymentPostprocessing = 0;
		};
/* End PBXSourcesBuildPhase section */

/* Begin PBXTargetDependency section */
		OBJ_65 /* PBXTargetDependency */ = {
			isa = PBXTargetDependency;
			target = "DateToolsObjC::DateToolsObjCTests" /* DateToolsObjCTests */;
			targetProxy = FB4A8028250A1BCA00BF0D78 /* PBXContainerItemProxy */;
		};
		OBJ_79 /* PBXTargetDependency */ = {
			isa = PBXTargetDependency;
			target = "DateToolsObjC::DateToolsObjC" /* DateToolsObjC */;
			targetProxy = FB4A8027250A1BC900BF0D78 /* PBXContainerItemProxy */;
		};
/* End PBXTargetDependency section */

/* Begin XCBuildConfiguration section */
		OBJ_3 /* Debug */ = {
			isa = XCBuildConfiguration;
			buildSettings = {
				CLANG_ENABLE_OBJC_ARC = YES;
				CLANG_WARN_BLOCK_CAPTURE_AUTORELEASING = YES;
				CLANG_WARN_BOOL_CONVERSION = YES;
				CLANG_WARN_COMMA = YES;
				CLANG_WARN_CONSTANT_CONVERSION = YES;
				CLANG_WARN_DEPRECATED_OBJC_IMPLEMENTATIONS = YES;
				CLANG_WARN_EMPTY_BODY = YES;
				CLANG_WARN_ENUM_CONVERSION = YES;
				CLANG_WARN_INFINITE_RECURSION = YES;
				CLANG_WARN_INT_CONVERSION = YES;
				CLANG_WARN_NON_LITERAL_NULL_CONVERSION = YES;
				CLANG_WARN_OBJC_IMPLICIT_RETAIN_SELF = YES;
				CLANG_WARN_OBJC_LITERAL_CONVERSION = YES;
				CLANG_WARN_QUOTED_INCLUDE_IN_FRAMEWORK_HEADER = YES;
				CLANG_WARN_RANGE_LOOP_ANALYSIS = YES;
				CLANG_WARN_STRICT_PROTOTYPES = YES;
				CLANG_WARN_SUSPICIOUS_MOVE = YES;
				CLANG_WARN_UNREACHABLE_CODE = YES;
				CLANG_WARN__DUPLICATE_METHOD_MATCH = YES;
				COMBINE_HIDPI_IMAGES = YES;
				COPY_PHASE_STRIP = NO;
				DEBUG_INFORMATION_FORMAT = dwarf;
				DYLIB_INSTALL_NAME_BASE = "@rpath";
				ENABLE_NS_ASSERTIONS = YES;
				ENABLE_STRICT_OBJC_MSGSEND = YES;
				ENABLE_TESTABILITY = YES;
				GCC_NO_COMMON_BLOCKS = YES;
				GCC_OPTIMIZATION_LEVEL = 0;
				GCC_PREPROCESSOR_DEFINITIONS = (
					"$(inherited)",
					"SWIFT_PACKAGE=1",
					"DEBUG=1",
					"BUILD_FOR_COCOA_FRAMEWORK=1",
				);
				GCC_WARN_64_TO_32_BIT_CONVERSION = YES;
				GCC_WARN_ABOUT_RETURN_TYPE = YES;
				GCC_WARN_UNDECLARED_SELECTOR = YES;
				GCC_WARN_UNINITIALIZED_AUTOS = YES;
				GCC_WARN_UNUSED_FUNCTION = YES;
				GCC_WARN_UNUSED_VARIABLE = YES;
				MACOSX_DEPLOYMENT_TARGET = 10.10;
				ONLY_ACTIVE_ARCH = YES;
				OTHER_SWIFT_FLAGS = "$(inherited) -DXcode";
				PRODUCT_NAME = "$(TARGET_NAME)";
				SDKROOT = macosx;
				SUPPORTED_PLATFORMS = "macosx iphoneos iphonesimulator appletvos appletvsimulator watchos watchsimulator";
				SWIFT_ACTIVE_COMPILATION_CONDITIONS = "$(inherited) SWIFT_PACKAGE DEBUG";
				SWIFT_OPTIMIZATION_LEVEL = "-Onone";
				USE_HEADERMAP = NO;
			};
			name = Debug;
		};
		OBJ_4 /* Release */ = {
			isa = XCBuildConfiguration;
			buildSettings = {
				CLANG_ENABLE_OBJC_ARC = YES;
				CLANG_WARN_BLOCK_CAPTURE_AUTORELEASING = YES;
				CLANG_WARN_BOOL_CONVERSION = YES;
				CLANG_WARN_COMMA = YES;
				CLANG_WARN_CONSTANT_CONVERSION = YES;
				CLANG_WARN_DEPRECATED_OBJC_IMPLEMENTATIONS = YES;
				CLANG_WARN_EMPTY_BODY = YES;
				CLANG_WARN_ENUM_CONVERSION = YES;
				CLANG_WARN_INFINITE_RECURSION = YES;
				CLANG_WARN_INT_CONVERSION = YES;
				CLANG_WARN_NON_LITERAL_NULL_CONVERSION = YES;
				CLANG_WARN_OBJC_IMPLICIT_RETAIN_SELF = YES;
				CLANG_WARN_OBJC_LITERAL_CONVERSION = YES;
				CLANG_WARN_QUOTED_INCLUDE_IN_FRAMEWORK_HEADER = YES;
				CLANG_WARN_RANGE_LOOP_ANALYSIS = YES;
				CLANG_WARN_STRICT_PROTOTYPES = YES;
				CLANG_WARN_SUSPICIOUS_MOVE = YES;
				CLANG_WARN_UNREACHABLE_CODE = YES;
				CLANG_WARN__DUPLICATE_METHOD_MATCH = YES;
				COMBINE_HIDPI_IMAGES = YES;
				COPY_PHASE_STRIP = YES;
				DEBUG_INFORMATION_FORMAT = "dwarf-with-dsym";
				DYLIB_INSTALL_NAME_BASE = "@rpath";
				ENABLE_STRICT_OBJC_MSGSEND = YES;
				GCC_NO_COMMON_BLOCKS = YES;
				GCC_OPTIMIZATION_LEVEL = s;
				GCC_PREPROCESSOR_DEFINITIONS = (
					"$(inherited)",
					"SWIFT_PACKAGE=1",
					"BUILD_FOR_COCOA_FRAMEWORK=1",
				);
				GCC_WARN_64_TO_32_BIT_CONVERSION = YES;
				GCC_WARN_ABOUT_RETURN_TYPE = YES;
				GCC_WARN_UNDECLARED_SELECTOR = YES;
				GCC_WARN_UNINITIALIZED_AUTOS = YES;
				GCC_WARN_UNUSED_FUNCTION = YES;
				GCC_WARN_UNUSED_VARIABLE = YES;
				MACOSX_DEPLOYMENT_TARGET = 10.10;
				OTHER_SWIFT_FLAGS = "$(inherited) -DXcode";
				PRODUCT_NAME = "$(TARGET_NAME)";
				SDKROOT = macosx;
				SUPPORTED_PLATFORMS = "macosx iphoneos iphonesimulator appletvos appletvsimulator watchos watchsimulator";
				SWIFT_ACTIVE_COMPILATION_CONDITIONS = "$(inherited) SWIFT_PACKAGE";
				SWIFT_OPTIMIZATION_LEVEL = "-Owholemodule";
				USE_HEADERMAP = NO;
			};
			name = Release;
		};
		OBJ_44 /* Debug */ = {
			isa = XCBuildConfiguration;
			buildSettings = {
				APPLICATION_EXTENSION_API_ONLY = YES;
				DEFINES_MODULE = YES;
				ENABLE_TESTABILITY = YES;
				FRAMEWORK_SEARCH_PATHS = (
					"$(inherited)",
					"$(PLATFORM_DIR)/Developer/Library/Frameworks",
				);
				HEADER_SEARCH_PATHS = (
					"$(inherited)",
					"$(SRCROOT)/Sources/DateToolsObjC/include",
				);
				INFOPLIST_FILE = DateToolsObjC.xcodeproj/DateToolsObjC_Info.plist;
				IPHONEOS_DEPLOYMENT_TARGET = 12.0;
				LD_RUNPATH_SEARCH_PATHS = "$(inherited) $(TOOLCHAIN_DIR)/usr/lib/swift/macosx";
				MACOSX_DEPLOYMENT_TARGET = 10.13;
				MODULEMAP_FILE = "$(SRCROOT)/Sources/DateToolsObjC/include/module.modulemap";
				OTHER_CFLAGS = "$(inherited)";
				OTHER_LDFLAGS = "$(inherited)";
				OTHER_SWIFT_FLAGS = "$(inherited)";
				PRODUCT_BUNDLE_IDENTIFIER = DateToolsObjC;
				PRODUCT_MODULE_NAME = "$(TARGET_NAME:c99extidentifier)";
				PRODUCT_NAME = "$(TARGET_NAME:c99extidentifier)";
				SKIP_INSTALL = YES;
				SWIFT_ACTIVE_COMPILATION_CONDITIONS = "$(inherited)";
				TARGET_NAME = DateToolsObjC;
				TVOS_DEPLOYMENT_TARGET = 12.0;
				WATCHOS_DEPLOYMENT_TARGET = 3.0;
			};
			name = Debug;
		};
		OBJ_45 /* Release */ = {
			isa = XCBuildConfiguration;
			buildSettings = {
				APPLICATION_EXTENSION_API_ONLY = YES;
				DEFINES_MODULE = YES;
				ENABLE_TESTABILITY = YES;
				FRAMEWORK_SEARCH_PATHS = (
					"$(inherited)",
					"$(PLATFORM_DIR)/Developer/Library/Frameworks",
				);
				HEADER_SEARCH_PATHS = (
					"$(inherited)",
					"$(SRCROOT)/Sources/DateToolsObjC/include",
				);
				INFOPLIST_FILE = DateToolsObjC.xcodeproj/DateToolsObjC_Info.plist;
				IPHONEOS_DEPLOYMENT_TARGET = 12.0;
				LD_RUNPATH_SEARCH_PATHS = "$(inherited) $(TOOLCHAIN_DIR)/usr/lib/swift/macosx";
				MACOSX_DEPLOYMENT_TARGET = 10.13;
				MODULEMAP_FILE = "$(SRCROOT)/Sources/DateToolsObjC/include/module.modulemap";
				OTHER_CFLAGS = "$(inherited)";
				OTHER_LDFLAGS = "$(inherited)";
				OTHER_SWIFT_FLAGS = "$(inherited)";
				PRODUCT_BUNDLE_IDENTIFIER = DateToolsObjC;
				PRODUCT_MODULE_NAME = "$(TARGET_NAME:c99extidentifier)";
				PRODUCT_NAME = "$(TARGET_NAME:c99extidentifier)";
				SKIP_INSTALL = YES;
				SWIFT_ACTIVE_COMPILATION_CONDITIONS = "$(inherited)";
				TARGET_NAME = DateToolsObjC;
				TVOS_DEPLOYMENT_TARGET = 12.0;
				WATCHOS_DEPLOYMENT_TARGET = 3.0;
			};
			name = Release;
		};
		OBJ_57 /* Debug */ = {
			isa = XCBuildConfiguration;
			buildSettings = {
				LD = /usr/bin/true;
				OTHER_SWIFT_FLAGS = "-swift-version 5 -I $(TOOLCHAIN_DIR)/usr/lib/swift/pm/4_2 -sdk /Applications/Xcode-beta.app/Contents/Developer/Platforms/MacOSX.platform/Developer/SDKs/MacOSX11.0.sdk -package-description-version 5.3.0";
				SWIFT_VERSION = 5.0;
			};
			name = Debug;
		};
		OBJ_58 /* Release */ = {
			isa = XCBuildConfiguration;
			buildSettings = {
				LD = /usr/bin/true;
				OTHER_SWIFT_FLAGS = "-swift-version 5 -I $(TOOLCHAIN_DIR)/usr/lib/swift/pm/4_2 -sdk /Applications/Xcode-beta.app/Contents/Developer/Platforms/MacOSX.platform/Developer/SDKs/MacOSX11.0.sdk -package-description-version 5.3.0";
				SWIFT_VERSION = 5.0;
			};
			name = Release;
		};
		OBJ_63 /* Debug */ = {
			isa = XCBuildConfiguration;
			buildSettings = {
			};
			name = Debug;
		};
		OBJ_64 /* Release */ = {
			isa = XCBuildConfiguration;
			buildSettings = {
			};
			name = Release;
		};
		OBJ_68 /* Debug */ = {
			isa = XCBuildConfiguration;
			buildSettings = {
				ALWAYS_EMBED_SWIFT_STANDARD_LIBRARIES = YES;
				CLANG_ENABLE_MODULES = YES;
				FRAMEWORK_SEARCH_PATHS = (
					"$(inherited)",
					"$(PLATFORM_DIR)/Developer/Library/Frameworks",
				);
				HEADER_SEARCH_PATHS = (
					"$(inherited)",
					"$(SRCROOT)/Tests/DateToolsObjCTests/include",
					"$(SRCROOT)/Sources/DateToolsObjC/include",
				);
				INFOPLIST_FILE = DateToolsObjC.xcodeproj/DateToolsObjCTests_Info.plist;
				IPHONEOS_DEPLOYMENT_TARGET = 14.0;
				LD_RUNPATH_SEARCH_PATHS = "$(inherited) @loader_path/../Frameworks @loader_path/Frameworks";
				MACOSX_DEPLOYMENT_TARGET = 10.15;
				OTHER_CFLAGS = "$(inherited)";
				OTHER_LDFLAGS = "$(inherited)";
				OTHER_SWIFT_FLAGS = "$(inherited)";
				SWIFT_ACTIVE_COMPILATION_CONDITIONS = "$(inherited)";
				TARGET_NAME = DateToolsObjCTests;
				TVOS_DEPLOYMENT_TARGET = 12.0;
				WATCHOS_DEPLOYMENT_TARGET = 3.0;
			};
			name = Debug;
		};
		OBJ_69 /* Release */ = {
			isa = XCBuildConfiguration;
			buildSettings = {
				ALWAYS_EMBED_SWIFT_STANDARD_LIBRARIES = YES;
				CLANG_ENABLE_MODULES = YES;
				FRAMEWORK_SEARCH_PATHS = (
					"$(inherited)",
					"$(PLATFORM_DIR)/Developer/Library/Frameworks",
				);
				HEADER_SEARCH_PATHS = (
					"$(inherited)",
					"$(SRCROOT)/Tests/DateToolsObjCTests/include",
					"$(SRCROOT)/Sources/DateToolsObjC/include",
				);
				INFOPLIST_FILE = DateToolsObjC.xcodeproj/DateToolsObjCTests_Info.plist;
				IPHONEOS_DEPLOYMENT_TARGET = 14.0;
				LD_RUNPATH_SEARCH_PATHS = "$(inherited) @loader_path/../Frameworks @loader_path/Frameworks";
				MACOSX_DEPLOYMENT_TARGET = 10.15;
				OTHER_CFLAGS = "$(inherited)";
				OTHER_LDFLAGS = "$(inherited)";
				OTHER_SWIFT_FLAGS = "$(inherited)";
				SWIFT_ACTIVE_COMPILATION_CONDITIONS = "$(inherited)";
				TARGET_NAME = DateToolsObjCTests;
				TVOS_DEPLOYMENT_TARGET = 12.0;
				WATCHOS_DEPLOYMENT_TARGET = 3.0;
			};
			name = Release;
		};
/* End XCBuildConfiguration section */

/* Begin XCConfigurationList section */
		OBJ_2 /* Build configuration list for PBXProject "DateToolsObjC" */ = {
			isa = XCConfigurationList;
			buildConfigurations = (
				OBJ_3 /* Debug */,
				OBJ_4 /* Release */,
			);
			defaultConfigurationIsVisible = 0;
			defaultConfigurationName = Release;
		};
		OBJ_43 /* Build configuration list for PBXNativeTarget "DateToolsObjC" */ = {
			isa = XCConfigurationList;
			buildConfigurations = (
				OBJ_44 /* Debug */,
				OBJ_45 /* Release */,
			);
			defaultConfigurationIsVisible = 0;
			defaultConfigurationName = Release;
		};
		OBJ_56 /* Build configuration list for PBXNativeTarget "DateToolsObjCPackageDescription" */ = {
			isa = XCConfigurationList;
			buildConfigurations = (
				OBJ_57 /* Debug */,
				OBJ_58 /* Release */,
			);
			defaultConfigurationIsVisible = 0;
			defaultConfigurationName = Release;
		};
		OBJ_62 /* Build configuration list for PBXAggregateTarget "DateToolsObjCPackageTests" */ = {
			isa = XCConfigurationList;
			buildConfigurations = (
				OBJ_63 /* Debug */,
				OBJ_64 /* Release */,
			);
			defaultConfigurationIsVisible = 0;
			defaultConfigurationName = Release;
		};
		OBJ_67 /* Build configuration list for PBXNativeTarget "DateToolsObjCTests" */ = {
			isa = XCConfigurationList;
			buildConfigurations = (
				OBJ_68 /* Debug */,
				OBJ_69 /* Release */,
			);
			defaultConfigurationIsVisible = 0;
			defaultConfigurationName = Release;
		};
/* End XCConfigurationList section */
	};
	rootObject = OBJ_1 /* Project object */;
}
